// !$*UTF8*$!
{
	archiveVersion = 1;
	classes = {
	};
	objectVersion = 48;
	objects = {

/* Begin PBXBuildFile section */
		D61E143E1F3D4D0F00CD2D03 /* AppDelegate.swift in Sources */ = {isa = PBXBuildFile; fileRef = D61E143D1F3D4D0F00CD2D03 /* AppDelegate.swift */; };
		D61E14401F3D4D0F00CD2D03 /* ViewController.swift in Sources */ = {isa = PBXBuildFile; fileRef = D61E143F1F3D4D0F00CD2D03 /* ViewController.swift */; };
		D61E14431F3D4D0F00CD2D03 /* Main.storyboard in Resources */ = {isa = PBXBuildFile; fileRef = D61E14411F3D4D0F00CD2D03 /* Main.storyboard */; };
		D61E14451F3D4D0F00CD2D03 /* Assets.xcassets in Resources */ = {isa = PBXBuildFile; fileRef = D61E14441F3D4D0F00CD2D03 /* Assets.xcassets */; };
		D61E14481F3D4D0F00CD2D03 /* LaunchScreen.storyboard in Resources */ = {isa = PBXBuildFile; fileRef = D61E14461F3D4D0F00CD2D03 /* LaunchScreen.storyboard */; };
		D61E14511F3D542E00CD2D03 /* ARKit.framework in Frameworks */ = {isa = PBXBuildFile; fileRef = D61E14501F3D542E00CD2D03 /* ARKit.framework */; };
		D61E145B1F3D54CE00CD2D03 /* SwiftyJSON.framework in Frameworks */ = {isa = PBXBuildFile; fileRef = D61E14521F3D54CC00CD2D03 /* SwiftyJSON.framework */; };
		D61E145C1F3D54CE00CD2D03 /* SwiftyJSON.framework in Embed Frameworks */ = {isa = PBXBuildFile; fileRef = D61E14521F3D54CC00CD2D03 /* SwiftyJSON.framework */; settings = {ATTRIBUTES = (CodeSignOnCopy, RemoveHeadersOnCopy, ); }; };
		D61E145D1F3D54CE00CD2D03 /* EZSwiftExtensions.framework in Frameworks */ = {isa = PBXBuildFile; fileRef = D61E14531F3D54CD00CD2D03 /* EZSwiftExtensions.framework */; };
		D61E145E1F3D54CE00CD2D03 /* EZSwiftExtensions.framework in Embed Frameworks */ = {isa = PBXBuildFile; fileRef = D61E14531F3D54CD00CD2D03 /* EZSwiftExtensions.framework */; settings = {ATTRIBUTES = (CodeSignOnCopy, RemoveHeadersOnCopy, ); }; };
		D61E145F1F3D54CE00CD2D03 /* GDPerformanceView.framework in Frameworks */ = {isa = PBXBuildFile; fileRef = D61E14541F3D54CD00CD2D03 /* GDPerformanceView.framework */; };
		D61E14601F3D54CE00CD2D03 /* GDPerformanceView.framework in Embed Frameworks */ = {isa = PBXBuildFile; fileRef = D61E14541F3D54CD00CD2D03 /* GDPerformanceView.framework */; settings = {ATTRIBUTES = (CodeSignOnCopy, RemoveHeadersOnCopy, ); }; };
		D61E14611F3D54CE00CD2D03 /* AlamofireObjectMapper.framework in Frameworks */ = {isa = PBXBuildFile; fileRef = D61E14551F3D54CD00CD2D03 /* AlamofireObjectMapper.framework */; };
		D61E14621F3D54CE00CD2D03 /* AlamofireObjectMapper.framework in Embed Frameworks */ = {isa = PBXBuildFile; fileRef = D61E14551F3D54CD00CD2D03 /* AlamofireObjectMapper.framework */; settings = {ATTRIBUTES = (CodeSignOnCopy, RemoveHeadersOnCopy, ); }; };
		D61E14631F3D54CE00CD2D03 /* SnapKit.framework in Frameworks */ = {isa = PBXBuildFile; fileRef = D61E14561F3D54CD00CD2D03 /* SnapKit.framework */; };
		D61E14641F3D54CE00CD2D03 /* SnapKit.framework in Embed Frameworks */ = {isa = PBXBuildFile; fileRef = D61E14561F3D54CD00CD2D03 /* SnapKit.framework */; settings = {ATTRIBUTES = (CodeSignOnCopy, RemoveHeadersOnCopy, ); }; };
		D61E14651F3D54CE00CD2D03 /* Alamofire.framework in Frameworks */ = {isa = PBXBuildFile; fileRef = D61E14571F3D54CD00CD2D03 /* Alamofire.framework */; };
		D61E14661F3D54CE00CD2D03 /* Alamofire.framework in Embed Frameworks */ = {isa = PBXBuildFile; fileRef = D61E14571F3D54CD00CD2D03 /* Alamofire.framework */; settings = {ATTRIBUTES = (CodeSignOnCopy, RemoveHeadersOnCopy, ); }; };
		D61E14671F3D54CE00CD2D03 /* MJRefresh.framework in Frameworks */ = {isa = PBXBuildFile; fileRef = D61E14581F3D54CD00CD2D03 /* MJRefresh.framework */; };
		D61E14681F3D54CE00CD2D03 /* MJRefresh.framework in Embed Frameworks */ = {isa = PBXBuildFile; fileRef = D61E14581F3D54CD00CD2D03 /* MJRefresh.framework */; settings = {ATTRIBUTES = (CodeSignOnCopy, RemoveHeadersOnCopy, ); }; };
		D61E14691F3D54CE00CD2D03 /* Kingfisher.framework in Frameworks */ = {isa = PBXBuildFile; fileRef = D61E14591F3D54CE00CD2D03 /* Kingfisher.framework */; };
		D61E146A1F3D54CE00CD2D03 /* Kingfisher.framework in Embed Frameworks */ = {isa = PBXBuildFile; fileRef = D61E14591F3D54CE00CD2D03 /* Kingfisher.framework */; settings = {ATTRIBUTES = (CodeSignOnCopy, RemoveHeadersOnCopy, ); }; };
		D61E146B1F3D54CE00CD2D03 /* ObjectMapper.framework in Frameworks */ = {isa = PBXBuildFile; fileRef = D61E145A1F3D54CE00CD2D03 /* ObjectMapper.framework */; };
		D61E146C1F3D54CE00CD2D03 /* ObjectMapper.framework in Embed Frameworks */ = {isa = PBXBuildFile; fileRef = D61E145A1F3D54CE00CD2D03 /* ObjectMapper.framework */; settings = {ATTRIBUTES = (CodeSignOnCopy, RemoveHeadersOnCopy, ); }; };
		D61E14781F3D56DA00CD2D03 /* GlobalColor.swift in Sources */ = {isa = PBXBuildFile; fileRef = D61E14721F3D56D900CD2D03 /* GlobalColor.swift */; };
		D61E14791F3D56DA00CD2D03 /* ExtensionFile.swift in Sources */ = {isa = PBXBuildFile; fileRef = D61E14731F3D56DA00CD2D03 /* ExtensionFile.swift */; };
		D61E147A1F3D56DA00CD2D03 /* RequestManager.swift in Sources */ = {isa = PBXBuildFile; fileRef = D61E14741F3D56DA00CD2D03 /* RequestManager.swift */; };
		D61E147B1F3D56DA00CD2D03 /* RequestPath.swift in Sources */ = {isa = PBXBuildFile; fileRef = D61E14751F3D56DA00CD2D03 /* RequestPath.swift */; };
		D61E147C1F3D56DA00CD2D03 /* ConstString.swift in Sources */ = {isa = PBXBuildFile; fileRef = D61E14761F3D56DA00CD2D03 /* ConstString.swift */; };
		D61E147D1F3D56DA00CD2D03 /* CommonTool.swift in Sources */ = {isa = PBXBuildFile; fileRef = D61E14771F3D56DA00CD2D03 /* CommonTool.swift */; };
		D61E148A1F3D57EF00CD2D03 /* MainTabBarController.swift in Sources */ = {isa = PBXBuildFile; fileRef = D61E14891F3D57EF00CD2D03 /* MainTabBarController.swift */; };
		D61E148C1F3D582700CD2D03 /* MainNavigationController.swift in Sources */ = {isa = PBXBuildFile; fileRef = D61E148B1F3D582700CD2D03 /* MainNavigationController.swift */; };
		D63632B81F3ED8E300BC1478 /* BannerModel.swift in Sources */ = {isa = PBXBuildFile; fileRef = D63632B71F3ED8E300BC1478 /* BannerModel.swift */; };
		D63632BD1F3EE50700BC1478 /* FSPagerView.framework in Frameworks */ = {isa = PBXBuildFile; fileRef = D63632BC1F3EE50700BC1478 /* FSPagerView.framework */; };
		D63632BE1F3EE50700BC1478 /* FSPagerView.framework in Embed Frameworks */ = {isa = PBXBuildFile; fileRef = D63632BC1F3EE50700BC1478 /* FSPagerView.framework */; settings = {ATTRIBUTES = (CodeSignOnCopy, RemoveHeadersOnCopy, ); }; };
		D63632C81F3EEA0A00BC1478 /* ScanQRCodeController.swift in Sources */ = {isa = PBXBuildFile; fileRef = D63632C71F3EEA0A00BC1478 /* ScanQRCodeController.swift */; };
		D657BCF31F3D881700F49FFC /* PersonalViewController.swift in Sources */ = {isa = PBXBuildFile; fileRef = D657BCF21F3D881700F49FFC /* PersonalViewController.swift */; };
		D6607B921F4442C3001F88D8 /* TakeStockDetailViewController.swift in Sources */ = {isa = PBXBuildFile; fileRef = D6607B911F4442C3001F88D8 /* TakeStockDetailViewController.swift */; };
		D6607B941F4443A4001F88D8 /* TakeStockDetailHeaderView.swift in Sources */ = {isa = PBXBuildFile; fileRef = D6607B931F4443A4001F88D8 /* TakeStockDetailHeaderView.swift */; };
		D6607B961F4449CC001F88D8 /* TakeStockDetailTableSectionView.swift in Sources */ = {isa = PBXBuildFile; fileRef = D6607B951F4449CC001F88D8 /* TakeStockDetailTableSectionView.swift */; };
		D669428C1F3D59FB002E1699 /* Resource.xcassets in Resources */ = {isa = PBXBuildFile; fileRef = D669428B1F3D59FB002E1699 /* Resource.xcassets */; };
		D669428E1F3D5A23002E1699 /* HomeViewController.swift in Sources */ = {isa = PBXBuildFile; fileRef = D669428D1F3D5A23002E1699 /* HomeViewController.swift */; };
		D68E76C01F3FF41D00358AE9 /* BannerView.swift in Sources */ = {isa = PBXBuildFile; fileRef = D68E76BF1F3FF41D00358AE9 /* BannerView.swift */; };
		D6C337EA1F3DA6A7008210B4 /* LoginViewController.swift in Sources */ = {isa = PBXBuildFile; fileRef = D6C337E91F3DA6A7008210B4 /* LoginViewController.swift */; };
		D6C337EC1F3DA6E3008210B4 /* LoginView.swift in Sources */ = {isa = PBXBuildFile; fileRef = D6C337EB1F3DA6E3008210B4 /* LoginView.swift */; };
		D6C337F21F3DE88D008210B4 /* VisualEffectView.framework in Frameworks */ = {isa = PBXBuildFile; fileRef = D6C337F11F3DE88C008210B4 /* VisualEffectView.framework */; };
		D6C337F31F3DE88D008210B4 /* VisualEffectView.framework in Embed Frameworks */ = {isa = PBXBuildFile; fileRef = D6C337F11F3DE88C008210B4 /* VisualEffectView.framework */; settings = {ATTRIBUTES = (CodeSignOnCopy, RemoveHeadersOnCopy, ); }; };
		D6C337F51F3DEC72008210B4 /* MobileCoreServices.framework in Frameworks */ = {isa = PBXBuildFile; fileRef = D6C337F41F3DEC72008210B4 /* MobileCoreServices.framework */; };
		D6C47DFF1F42966C005817E9 /* BetterSegmentedControl.framework in Frameworks */ = {isa = PBXBuildFile; fileRef = D6C47DFE1F42966C005817E9 /* BetterSegmentedControl.framework */; };
		D6C47E001F42966C005817E9 /* BetterSegmentedControl.framework in Embed Frameworks */ = {isa = PBXBuildFile; fileRef = D6C47DFE1F42966C005817E9 /* BetterSegmentedControl.framework */; settings = {ATTRIBUTES = (CodeSignOnCopy, RemoveHeadersOnCopy, ); }; };
		D6C47E021F42CF02005817E9 /* HadTakedStockViewController.swift in Sources */ = {isa = PBXBuildFile; fileRef = D6C47E011F42CF02005817E9 /* HadTakedStockViewController.swift */; };
		D6C47E041F42CF1E005817E9 /* NewTakeStockViewController.swift in Sources */ = {isa = PBXBuildFile; fileRef = D6C47E031F42CF1E005817E9 /* NewTakeStockViewController.swift */; };
		D6C47E061F42D793005817E9 /* TakeStockTableViewCell.swift in Sources */ = {isa = PBXBuildFile; fileRef = D6C47E051F42D793005817E9 /* TakeStockTableViewCell.swift */; };
		D6D667BB1F412CB5005E229B /* HomeTableViewCell.swift in Sources */ = {isa = PBXBuildFile; fileRef = D6D667BA1F412CB5005E229B /* HomeTableViewCell.swift */; };
		D6FBEB411F4159AA00EF9A06 /* PersonHeaderView.swift in Sources */ = {isa = PBXBuildFile; fileRef = D6FBEB401F4159AA00EF9A06 /* PersonHeaderView.swift */; };
		D6FBEB431F41D26F00EF9A06 /* PersonalModel.swift in Sources */ = {isa = PBXBuildFile; fileRef = D6FBEB421F41D26F00EF9A06 /* PersonalModel.swift */; };
		D6FBEB4D1F41E9CD00EF9A06 /* TakeStockViewController.swift in Sources */ = {isa = PBXBuildFile; fileRef = D6FBEB4C1F41E9CD00EF9A06 /* TakeStockViewController.swift */; };
		D6FFC6DC1F3DF17C00F912B6 /* LoginInputView.swift in Sources */ = {isa = PBXBuildFile; fileRef = D6FFC6DB1F3DF17C00F912B6 /* LoginInputView.swift */; };
		D6FFC6DF1F3DFB6F00F912B6 /* KeyboardAvoiding.swift in Sources */ = {isa = PBXBuildFile; fileRef = D6FFC6DE1F3DFB6F00F912B6 /* KeyboardAvoiding.swift */; };
		D6FFC6E11F3DFB7B00F912B6 /* KeyboardDismissingView.swift in Sources */ = {isa = PBXBuildFile; fileRef = D6FFC6E01F3DFB7B00F912B6 /* KeyboardDismissingView.swift */; };
		D6FFC6E31F3E1B0900F912B6 /* PKHUD.framework in Frameworks */ = {isa = PBXBuildFile; fileRef = D6FFC6E21F3E1B0900F912B6 /* PKHUD.framework */; };
		D6FFC6E41F3E1B0900F912B6 /* PKHUD.framework in Embed Frameworks */ = {isa = PBXBuildFile; fileRef = D6FFC6E21F3E1B0900F912B6 /* PKHUD.framework */; settings = {ATTRIBUTES = (CodeSignOnCopy, RemoveHeadersOnCopy, ); }; };
/* End PBXBuildFile section */

/* Begin PBXCopyFilesBuildPhase section */
		D61E146D1F3D54CE00CD2D03 /* Embed Frameworks */ = {
			isa = PBXCopyFilesBuildPhase;
			buildActionMask = 2147483647;
			dstPath = "";
			dstSubfolderSpec = 10;
			files = (
				D61E146C1F3D54CE00CD2D03 /* ObjectMapper.framework in Embed Frameworks */,
				D61E14681F3D54CE00CD2D03 /* MJRefresh.framework in Embed Frameworks */,
				D63632BE1F3EE50700BC1478 /* FSPagerView.framework in Embed Frameworks */,
				D6C337F31F3DE88D008210B4 /* VisualEffectView.framework in Embed Frameworks */,
				D61E14601F3D54CE00CD2D03 /* GDPerformanceView.framework in Embed Frameworks */,
				D61E146A1F3D54CE00CD2D03 /* Kingfisher.framework in Embed Frameworks */,
				D61E14661F3D54CE00CD2D03 /* Alamofire.framework in Embed Frameworks */,
				D61E145C1F3D54CE00CD2D03 /* SwiftyJSON.framework in Embed Frameworks */,
				D61E145E1F3D54CE00CD2D03 /* EZSwiftExtensions.framework in Embed Frameworks */,
				D61E14621F3D54CE00CD2D03 /* AlamofireObjectMapper.framework in Embed Frameworks */,
				D6FFC6E41F3E1B0900F912B6 /* PKHUD.framework in Embed Frameworks */,
				D6C47E001F42966C005817E9 /* BetterSegmentedControl.framework in Embed Frameworks */,
				D61E14641F3D54CE00CD2D03 /* SnapKit.framework in Embed Frameworks */,
			);
			name = "Embed Frameworks";
			runOnlyForDeploymentPostprocessing = 0;
		};
/* End PBXCopyFilesBuildPhase section */

/* Begin PBXFileReference section */
		D61E143A1F3D4D0F00CD2D03 /* BaseProject.app */ = {isa = PBXFileReference; explicitFileType = wrapper.application; includeInIndex = 0; path = BaseProject.app; sourceTree = BUILT_PRODUCTS_DIR; };
		D61E143D1F3D4D0F00CD2D03 /* AppDelegate.swift */ = {isa = PBXFileReference; lastKnownFileType = sourcecode.swift; path = AppDelegate.swift; sourceTree = "<group>"; };
		D61E143F1F3D4D0F00CD2D03 /* ViewController.swift */ = {isa = PBXFileReference; lastKnownFileType = sourcecode.swift; path = ViewController.swift; sourceTree = "<group>"; };
		D61E14421F3D4D0F00CD2D03 /* Base */ = {isa = PBXFileReference; lastKnownFileType = file.storyboard; name = Base; path = Base.lproj/Main.storyboard; sourceTree = "<group>"; };
		D61E14441F3D4D0F00CD2D03 /* Assets.xcassets */ = {isa = PBXFileReference; lastKnownFileType = folder.assetcatalog; path = Assets.xcassets; sourceTree = "<group>"; };
		D61E14471F3D4D0F00CD2D03 /* Base */ = {isa = PBXFileReference; lastKnownFileType = file.storyboard; name = Base; path = Base.lproj/LaunchScreen.storyboard; sourceTree = "<group>"; };
		D61E14491F3D4D0F00CD2D03 /* Info.plist */ = {isa = PBXFileReference; lastKnownFileType = text.plist.xml; path = Info.plist; sourceTree = "<group>"; };
		D61E14501F3D542E00CD2D03 /* ARKit.framework */ = {isa = PBXFileReference; lastKnownFileType = wrapper.framework; name = ARKit.framework; path = System/Library/Frameworks/ARKit.framework; sourceTree = SDKROOT; };
		D61E14521F3D54CC00CD2D03 /* SwiftyJSON.framework */ = {isa = PBXFileReference; lastKnownFileType = wrapper.framework; name = SwiftyJSON.framework; path = Carthage/Build/iOS/SwiftyJSON.framework; sourceTree = "<group>"; };
		D61E14531F3D54CD00CD2D03 /* EZSwiftExtensions.framework */ = {isa = PBXFileReference; lastKnownFileType = wrapper.framework; name = EZSwiftExtensions.framework; path = Carthage/Build/iOS/EZSwiftExtensions.framework; sourceTree = "<group>"; };
		D61E14541F3D54CD00CD2D03 /* GDPerformanceView.framework */ = {isa = PBXFileReference; lastKnownFileType = wrapper.framework; name = GDPerformanceView.framework; path = Carthage/Build/iOS/GDPerformanceView.framework; sourceTree = "<group>"; };
		D61E14551F3D54CD00CD2D03 /* AlamofireObjectMapper.framework */ = {isa = PBXFileReference; lastKnownFileType = wrapper.framework; name = AlamofireObjectMapper.framework; path = Carthage/Build/iOS/AlamofireObjectMapper.framework; sourceTree = "<group>"; };
		D61E14561F3D54CD00CD2D03 /* SnapKit.framework */ = {isa = PBXFileReference; lastKnownFileType = wrapper.framework; name = SnapKit.framework; path = Carthage/Build/iOS/SnapKit.framework; sourceTree = "<group>"; };
		D61E14571F3D54CD00CD2D03 /* Alamofire.framework */ = {isa = PBXFileReference; lastKnownFileType = wrapper.framework; name = Alamofire.framework; path = Carthage/Build/iOS/Alamofire.framework; sourceTree = "<group>"; };
		D61E14581F3D54CD00CD2D03 /* MJRefresh.framework */ = {isa = PBXFileReference; lastKnownFileType = wrapper.framework; name = MJRefresh.framework; path = Carthage/Build/iOS/MJRefresh.framework; sourceTree = "<group>"; };
		D61E14591F3D54CE00CD2D03 /* Kingfisher.framework */ = {isa = PBXFileReference; lastKnownFileType = wrapper.framework; name = Kingfisher.framework; path = Carthage/Build/iOS/Kingfisher.framework; sourceTree = "<group>"; };
		D61E145A1F3D54CE00CD2D03 /* ObjectMapper.framework */ = {isa = PBXFileReference; lastKnownFileType = wrapper.framework; name = ObjectMapper.framework; path = Carthage/Build/iOS/ObjectMapper.framework; sourceTree = "<group>"; };
		D61E14721F3D56D900CD2D03 /* GlobalColor.swift */ = {isa = PBXFileReference; fileEncoding = 4; lastKnownFileType = sourcecode.swift; path = GlobalColor.swift; sourceTree = "<group>"; };
		D61E14731F3D56DA00CD2D03 /* ExtensionFile.swift */ = {isa = PBXFileReference; fileEncoding = 4; lastKnownFileType = sourcecode.swift; path = ExtensionFile.swift; sourceTree = "<group>"; };
		D61E14741F3D56DA00CD2D03 /* RequestManager.swift */ = {isa = PBXFileReference; fileEncoding = 4; lastKnownFileType = sourcecode.swift; path = RequestManager.swift; sourceTree = "<group>"; };
		D61E14751F3D56DA00CD2D03 /* RequestPath.swift */ = {isa = PBXFileReference; fileEncoding = 4; lastKnownFileType = sourcecode.swift; path = RequestPath.swift; sourceTree = "<group>"; };
		D61E14761F3D56DA00CD2D03 /* ConstString.swift */ = {isa = PBXFileReference; fileEncoding = 4; lastKnownFileType = sourcecode.swift; path = ConstString.swift; sourceTree = "<group>"; };
		D61E14771F3D56DA00CD2D03 /* CommonTool.swift */ = {isa = PBXFileReference; fileEncoding = 4; lastKnownFileType = sourcecode.swift; path = CommonTool.swift; sourceTree = "<group>"; };
		D61E14891F3D57EF00CD2D03 /* MainTabBarController.swift */ = {isa = PBXFileReference; lastKnownFileType = sourcecode.swift; path = MainTabBarController.swift; sourceTree = "<group>"; };
		D61E148B1F3D582700CD2D03 /* MainNavigationController.swift */ = {isa = PBXFileReference; lastKnownFileType = sourcecode.swift; path = MainNavigationController.swift; sourceTree = "<group>"; };
		D63632B71F3ED8E300BC1478 /* BannerModel.swift */ = {isa = PBXFileReference; lastKnownFileType = sourcecode.swift; path = BannerModel.swift; sourceTree = "<group>"; };
		D63632BC1F3EE50700BC1478 /* FSPagerView.framework */ = {isa = PBXFileReference; lastKnownFileType = wrapper.framework; name = FSPagerView.framework; path = Carthage/Build/iOS/FSPagerView.framework; sourceTree = "<group>"; };
		D63632C71F3EEA0A00BC1478 /* ScanQRCodeController.swift */ = {isa = PBXFileReference; lastKnownFileType = sourcecode.swift; path = ScanQRCodeController.swift; sourceTree = "<group>"; };
		D657BCF21F3D881700F49FFC /* PersonalViewController.swift */ = {isa = PBXFileReference; lastKnownFileType = sourcecode.swift; path = PersonalViewController.swift; sourceTree = "<group>"; };
		D6607B911F4442C3001F88D8 /* TakeStockDetailViewController.swift */ = {isa = PBXFileReference; lastKnownFileType = sourcecode.swift; path = TakeStockDetailViewController.swift; sourceTree = "<group>"; };
		D6607B931F4443A4001F88D8 /* TakeStockDetailHeaderView.swift */ = {isa = PBXFileReference; lastKnownFileType = sourcecode.swift; path = TakeStockDetailHeaderView.swift; sourceTree = "<group>"; };
		D6607B951F4449CC001F88D8 /* TakeStockDetailTableSectionView.swift */ = {isa = PBXFileReference; lastKnownFileType = sourcecode.swift; path = TakeStockDetailTableSectionView.swift; sourceTree = "<group>"; };
		D669428B1F3D59FB002E1699 /* Resource.xcassets */ = {isa = PBXFileReference; lastKnownFileType = folder.assetcatalog; path = Resource.xcassets; sourceTree = "<group>"; };
		D669428D1F3D5A23002E1699 /* HomeViewController.swift */ = {isa = PBXFileReference; lastKnownFileType = sourcecode.swift; path = HomeViewController.swift; sourceTree = "<group>"; };
		D68E76BF1F3FF41D00358AE9 /* BannerView.swift */ = {isa = PBXFileReference; lastKnownFileType = sourcecode.swift; path = BannerView.swift; sourceTree = "<group>"; };
		D6C337E91F3DA6A7008210B4 /* LoginViewController.swift */ = {isa = PBXFileReference; lastKnownFileType = sourcecode.swift; path = LoginViewController.swift; sourceTree = "<group>"; };
		D6C337EB1F3DA6E3008210B4 /* LoginView.swift */ = {isa = PBXFileReference; lastKnownFileType = sourcecode.swift; path = LoginView.swift; sourceTree = "<group>"; };
		D6C337F11F3DE88C008210B4 /* VisualEffectView.framework */ = {isa = PBXFileReference; lastKnownFileType = wrapper.framework; name = VisualEffectView.framework; path = Carthage/Build/iOS/VisualEffectView.framework; sourceTree = "<group>"; };
		D6C337F41F3DEC72008210B4 /* MobileCoreServices.framework */ = {isa = PBXFileReference; lastKnownFileType = wrapper.framework; name = MobileCoreServices.framework; path = System/Library/Frameworks/MobileCoreServices.framework; sourceTree = SDKROOT; };
		D6C47DFE1F42966C005817E9 /* BetterSegmentedControl.framework */ = {isa = PBXFileReference; lastKnownFileType = wrapper.framework; name = BetterSegmentedControl.framework; path = Carthage/Build/iOS/BetterSegmentedControl.framework; sourceTree = "<group>"; };
		D6C47E011F42CF02005817E9 /* HadTakedStockViewController.swift */ = {isa = PBXFileReference; lastKnownFileType = sourcecode.swift; path = HadTakedStockViewController.swift; sourceTree = "<group>"; };
		D6C47E031F42CF1E005817E9 /* NewTakeStockViewController.swift */ = {isa = PBXFileReference; lastKnownFileType = sourcecode.swift; path = NewTakeStockViewController.swift; sourceTree = "<group>"; };
		D6C47E051F42D793005817E9 /* TakeStockTableViewCell.swift */ = {isa = PBXFileReference; lastKnownFileType = sourcecode.swift; path = TakeStockTableViewCell.swift; sourceTree = "<group>"; };
		D6D667BA1F412CB5005E229B /* HomeTableViewCell.swift */ = {isa = PBXFileReference; lastKnownFileType = sourcecode.swift; path = HomeTableViewCell.swift; sourceTree = "<group>"; };
		D6FBEB401F4159AA00EF9A06 /* PersonHeaderView.swift */ = {isa = PBXFileReference; lastKnownFileType = sourcecode.swift; path = PersonHeaderView.swift; sourceTree = "<group>"; };
		D6FBEB421F41D26F00EF9A06 /* PersonalModel.swift */ = {isa = PBXFileReference; lastKnownFileType = sourcecode.swift; path = PersonalModel.swift; sourceTree = "<group>"; };
		D6FBEB4C1F41E9CD00EF9A06 /* TakeStockViewController.swift */ = {isa = PBXFileReference; lastKnownFileType = sourcecode.swift; path = TakeStockViewController.swift; sourceTree = "<group>"; };
		D6FFC6DB1F3DF17C00F912B6 /* LoginInputView.swift */ = {isa = PBXFileReference; lastKnownFileType = sourcecode.swift; path = LoginInputView.swift; sourceTree = "<group>"; };
		D6FFC6DE1F3DFB6F00F912B6 /* KeyboardAvoiding.swift */ = {isa = PBXFileReference; lastKnownFileType = sourcecode.swift; path = KeyboardAvoiding.swift; sourceTree = "<group>"; };
		D6FFC6E01F3DFB7B00F912B6 /* KeyboardDismissingView.swift */ = {isa = PBXFileReference; lastKnownFileType = sourcecode.swift; path = KeyboardDismissingView.swift; sourceTree = "<group>"; };
		D6FFC6E21F3E1B0900F912B6 /* PKHUD.framework */ = {isa = PBXFileReference; lastKnownFileType = wrapper.framework; name = PKHUD.framework; path = Carthage/Build/iOS/PKHUD.framework; sourceTree = "<group>"; };
/* End PBXFileReference section */

/* Begin PBXFrameworksBuildPhase section */
		D61E14371F3D4D0F00CD2D03 /* Frameworks */ = {
			isa = PBXFrameworksBuildPhase;
			buildActionMask = 2147483647;
			files = (
				D6C337F51F3DEC72008210B4 /* MobileCoreServices.framework in Frameworks */,
				D6C47DFF1F42966C005817E9 /* BetterSegmentedControl.framework in Frameworks */,
				D61E145D1F3D54CE00CD2D03 /* EZSwiftExtensions.framework in Frameworks */,
				D61E145B1F3D54CE00CD2D03 /* SwiftyJSON.framework in Frameworks */,
				D61E146B1F3D54CE00CD2D03 /* ObjectMapper.framework in Frameworks */,
				D6FFC6E31F3E1B0900F912B6 /* PKHUD.framework in Frameworks */,
				D61E14511F3D542E00CD2D03 /* ARKit.framework in Frameworks */,
				D61E14631F3D54CE00CD2D03 /* SnapKit.framework in Frameworks */,
				D61E14691F3D54CE00CD2D03 /* Kingfisher.framework in Frameworks */,
				D61E14651F3D54CE00CD2D03 /* Alamofire.framework in Frameworks */,
				D61E14671F3D54CE00CD2D03 /* MJRefresh.framework in Frameworks */,
				D61E14611F3D54CE00CD2D03 /* AlamofireObjectMapper.framework in Frameworks */,
				D6C337F21F3DE88D008210B4 /* VisualEffectView.framework in Frameworks */,
				D61E145F1F3D54CE00CD2D03 /* GDPerformanceView.framework in Frameworks */,
				D63632BD1F3EE50700BC1478 /* FSPagerView.framework in Frameworks */,
			);
			runOnlyForDeploymentPostprocessing = 0;
		};
/* End PBXFrameworksBuildPhase section */

/* Begin PBXGroup section */
		D61E14311F3D4D0F00CD2D03 = {
			isa = PBXGroup;
			children = (
				D61E143C1F3D4D0F00CD2D03 /* BaseProject */,
				D61E143B1F3D4D0F00CD2D03 /* Products */,
				D61E144F1F3D542D00CD2D03 /* Frameworks */,
			);
			sourceTree = "<group>";
		};
		D61E143B1F3D4D0F00CD2D03 /* Products */ = {
			isa = PBXGroup;
			children = (
				D61E143A1F3D4D0F00CD2D03 /* BaseProject.app */,
			);
			name = Products;
			sourceTree = "<group>";
		};
		D61E143C1F3D4D0F00CD2D03 /* BaseProject */ = {
			isa = PBXGroup;
			children = (
				D61E14711F3D562D00CD2D03 /* GlobalFiles */,
				D61E14701F3D562300CD2D03 /* Libraries */,
				D61E146F1F3D561A00CD2D03 /* Business */,
				D61E146E1F3D560500CD2D03 /* SystemFiles */,
			);
			path = BaseProject;
			sourceTree = "<group>";
		};
		D61E144F1F3D542D00CD2D03 /* Frameworks */ = {
			isa = PBXGroup;
			children = (
				D6C47DFE1F42966C005817E9 /* BetterSegmentedControl.framework */,
				D63632BC1F3EE50700BC1478 /* FSPagerView.framework */,
				D6FFC6E21F3E1B0900F912B6 /* PKHUD.framework */,
				D6C337F41F3DEC72008210B4 /* MobileCoreServices.framework */,
				D6C337F11F3DE88C008210B4 /* VisualEffectView.framework */,
				D61E14571F3D54CD00CD2D03 /* Alamofire.framework */,
				D61E14551F3D54CD00CD2D03 /* AlamofireObjectMapper.framework */,
				D61E14531F3D54CD00CD2D03 /* EZSwiftExtensions.framework */,
				D61E14541F3D54CD00CD2D03 /* GDPerformanceView.framework */,
				D61E14591F3D54CE00CD2D03 /* Kingfisher.framework */,
				D61E14581F3D54CD00CD2D03 /* MJRefresh.framework */,
				D61E145A1F3D54CE00CD2D03 /* ObjectMapper.framework */,
				D61E14561F3D54CD00CD2D03 /* SnapKit.framework */,
				D61E14521F3D54CC00CD2D03 /* SwiftyJSON.framework */,
				D61E14501F3D542E00CD2D03 /* ARKit.framework */,
			);
			name = Frameworks;
			sourceTree = "<group>";
		};
		D61E146E1F3D560500CD2D03 /* SystemFiles */ = {
			isa = PBXGroup;
			children = (
				D61E143D1F3D4D0F00CD2D03 /* AppDelegate.swift */,
				D61E143F1F3D4D0F00CD2D03 /* ViewController.swift */,
				D61E14411F3D4D0F00CD2D03 /* Main.storyboard */,
				D61E14441F3D4D0F00CD2D03 /* Assets.xcassets */,
				D61E14461F3D4D0F00CD2D03 /* LaunchScreen.storyboard */,
				D61E14491F3D4D0F00CD2D03 /* Info.plist */,
				D669428B1F3D59FB002E1699 /* Resource.xcassets */,
			);
			name = SystemFiles;
			sourceTree = "<group>";
		};
		D61E146F1F3D561A00CD2D03 /* Business */ = {
			isa = PBXGroup;
			children = (
				D6FBEB481F41E99A00EF9A06 /* TakeStock */,
				D6C337E51F3DA684008210B4 /* Login */,
				D61E14821F3D578A00CD2D03 /* Personal */,
				D61E14811F3D577E00CD2D03 /* Home */,
				D61E14801F3D576D00CD2D03 /* Main */,
			);
			path = Business;
			sourceTree = "<group>";
		};
		D61E14701F3D562300CD2D03 /* Libraries */ = {
			isa = PBXGroup;
			children = (
				D6FFC6DD1F3DFB5000F912B6 /* IHKeyboardAvoiding */,
			);
			path = Libraries;
			sourceTree = "<group>";
		};
		D61E14711F3D562D00CD2D03 /* GlobalFiles */ = {
			isa = PBXGroup;
			children = (
				D61E14771F3D56DA00CD2D03 /* CommonTool.swift */,
				D61E14761F3D56DA00CD2D03 /* ConstString.swift */,
				D61E14731F3D56DA00CD2D03 /* ExtensionFile.swift */,
				D61E14721F3D56D900CD2D03 /* GlobalColor.swift */,
				D61E14741F3D56DA00CD2D03 /* RequestManager.swift */,
				D61E14751F3D56DA00CD2D03 /* RequestPath.swift */,
			);
			path = GlobalFiles;
			sourceTree = "<group>";
		};
		D61E14801F3D576D00CD2D03 /* Main */ = {
			isa = PBXGroup;
			children = (
				D61E14881F3D57CC00CD2D03 /* View */,
				D61E14871F3D57C700CD2D03 /* Model */,
				D61E14861F3D57C000CD2D03 /* Controller */,
			);
			path = Main;
			sourceTree = "<group>";
		};
		D61E14811F3D577E00CD2D03 /* Home */ = {
			isa = PBXGroup;
			children = (
				D61E14851F3D579F00CD2D03 /* Controller */,
				D61E14841F3D579A00CD2D03 /* View */,
				D61E14831F3D579400CD2D03 /* Model */,
			);
			path = Home;
			sourceTree = "<group>";
		};
		D61E14821F3D578A00CD2D03 /* Personal */ = {
			isa = PBXGroup;
			children = (
				D657BCF11F3D880B00F49FFC /* Controller */,
				D657BCF01F3D880600F49FFC /* View */,
				D657BCEF1F3D87FB00F49FFC /* Model */,
			);
			path = Personal;
			sourceTree = "<group>";
		};
		D61E14831F3D579400CD2D03 /* Model */ = {
			isa = PBXGroup;
			children = (
				D63632B71F3ED8E300BC1478 /* BannerModel.swift */,
			);
			path = Model;
			sourceTree = "<group>";
		};
		D61E14841F3D579A00CD2D03 /* View */ = {
			isa = PBXGroup;
			children = (
				D68E76BF1F3FF41D00358AE9 /* BannerView.swift */,
				D6D667BA1F412CB5005E229B /* HomeTableViewCell.swift */,
			);
			path = View;
			sourceTree = "<group>";
		};
		D61E14851F3D579F00CD2D03 /* Controller */ = {
			isa = PBXGroup;
			children = (
				D669428D1F3D5A23002E1699 /* HomeViewController.swift */,
				D63632C71F3EEA0A00BC1478 /* ScanQRCodeController.swift */,
			);
			path = Controller;
			sourceTree = "<group>";
		};
		D61E14861F3D57C000CD2D03 /* Controller */ = {
			isa = PBXGroup;
			children = (
				D61E14891F3D57EF00CD2D03 /* MainTabBarController.swift */,
				D61E148B1F3D582700CD2D03 /* MainNavigationController.swift */,
			);
			path = Controller;
			sourceTree = "<group>";
		};
		D61E14871F3D57C700CD2D03 /* Model */ = {
			isa = PBXGroup;
			children = (
			);
			path = Model;
			sourceTree = "<group>";
		};
		D61E14881F3D57CC00CD2D03 /* View */ = {
			isa = PBXGroup;
			children = (
			);
			path = View;
			sourceTree = "<group>";
		};
		D657BCEF1F3D87FB00F49FFC /* Model */ = {
			isa = PBXGroup;
			children = (
				D6FBEB421F41D26F00EF9A06 /* PersonalModel.swift */,
			);
			path = Model;
			sourceTree = "<group>";
		};
		D657BCF01F3D880600F49FFC /* View */ = {
			isa = PBXGroup;
			children = (
				D6FBEB401F4159AA00EF9A06 /* PersonHeaderView.swift */,
			);
			path = View;
			sourceTree = "<group>";
		};
		D657BCF11F3D880B00F49FFC /* Controller */ = {
			isa = PBXGroup;
			children = (
				D657BCF21F3D881700F49FFC /* PersonalViewController.swift */,
			);
			path = Controller;
			sourceTree = "<group>";
		};
		D6C337E51F3DA684008210B4 /* Login */ = {
			isa = PBXGroup;
			children = (
				D6C337E81F3DA69C008210B4 /* Controller */,
				D6C337E71F3DA697008210B4 /* View */,
				D6C337E61F3DA690008210B4 /* Model */,
			);
			path = Login;
			sourceTree = "<group>";
		};
		D6C337E61F3DA690008210B4 /* Model */ = {
			isa = PBXGroup;
			children = (
			);
			path = Model;
			sourceTree = "<group>";
		};
		D6C337E71F3DA697008210B4 /* View */ = {
			isa = PBXGroup;
			children = (
				D6C337EB1F3DA6E3008210B4 /* LoginView.swift */,
				D6FFC6DB1F3DF17C00F912B6 /* LoginInputView.swift */,
			);
			path = View;
			sourceTree = "<group>";
		};
		D6C337E81F3DA69C008210B4 /* Controller */ = {
			isa = PBXGroup;
			children = (
				D6C337E91F3DA6A7008210B4 /* LoginViewController.swift */,
			);
			path = Controller;
			sourceTree = "<group>";
		};
		D6FBEB481F41E99A00EF9A06 /* TakeStock */ = {
			isa = PBXGroup;
			children = (
				D6FBEB4B1F41E9B900EF9A06 /* Controller */,
				D6FBEB4A1F41E9B400EF9A06 /* View */,
				D6FBEB491F41E9AE00EF9A06 /* Model */,
			);
			path = TakeStock;
			sourceTree = "<group>";
		};
		D6FBEB491F41E9AE00EF9A06 /* Model */ = {
			isa = PBXGroup;
			children = (
			);
			path = Model;
			sourceTree = "<group>";
		};
		D6FBEB4A1F41E9B400EF9A06 /* View */ = {
			isa = PBXGroup;
			children = (
				D6C47E051F42D793005817E9 /* TakeStockTableViewCell.swift */,
				D6607B931F4443A4001F88D8 /* TakeStockDetailHeaderView.swift */,
				D6607B951F4449CC001F88D8 /* TakeStockDetailTableSectionView.swift */,
			);
			path = View;
			sourceTree = "<group>";
		};
		D6FBEB4B1F41E9B900EF9A06 /* Controller */ = {
			isa = PBXGroup;
			children = (
				D6FBEB4C1F41E9CD00EF9A06 /* TakeStockViewController.swift */,
				D6C47E011F42CF02005817E9 /* HadTakedStockViewController.swift */,
				D6C47E031F42CF1E005817E9 /* NewTakeStockViewController.swift */,
				D6607B911F4442C3001F88D8 /* TakeStockDetailViewController.swift */,
			);
			path = Controller;
			sourceTree = "<group>";
		};
		D6FFC6DD1F3DFB5000F912B6 /* IHKeyboardAvoiding */ = {
			isa = PBXGroup;
			children = (
				D6FFC6DE1F3DFB6F00F912B6 /* KeyboardAvoiding.swift */,
				D6FFC6E01F3DFB7B00F912B6 /* KeyboardDismissingView.swift */,
			);
			path = IHKeyboardAvoiding;
			sourceTree = "<group>";
		};
/* End PBXGroup section */

/* Begin PBXNativeTarget section */
		D61E14391F3D4D0F00CD2D03 /* BaseProject */ = {
			isa = PBXNativeTarget;
			buildConfigurationList = D61E144C1F3D4D0F00CD2D03 /* Build configuration list for PBXNativeTarget "BaseProject" */;
			buildPhases = (
				D61E14361F3D4D0F00CD2D03 /* Sources */,
				D61E14371F3D4D0F00CD2D03 /* Frameworks */,
				D61E14381F3D4D0F00CD2D03 /* Resources */,
				D61E146D1F3D54CE00CD2D03 /* Embed Frameworks */,
			);
			buildRules = (
			);
			dependencies = (
			);
			name = BaseProject;
			productName = BaseProject;
			productReference = D61E143A1F3D4D0F00CD2D03 /* BaseProject.app */;
			productType = "com.apple.product-type.application";
		};
/* End PBXNativeTarget section */

/* Begin PBXProject section */
		D61E14321F3D4D0F00CD2D03 /* Project object */ = {
			isa = PBXProject;
			attributes = {
				LastSwiftUpdateCheck = 0900;
				LastUpgradeCheck = 0900;
				ORGANIZATIONNAME = "杨西川";
				TargetAttributes = {
					D61E14391F3D4D0F00CD2D03 = {
						CreatedOnToolsVersion = 9.0;
					};
				};
			};
			buildConfigurationList = D61E14351F3D4D0F00CD2D03 /* Build configuration list for PBXProject "BaseProject" */;
			compatibilityVersion = "Xcode 8.0";
			developmentRegion = en;
			hasScannedForEncodings = 0;
			knownRegions = (
				en,
				Base,
			);
			mainGroup = D61E14311F3D4D0F00CD2D03;
			productRefGroup = D61E143B1F3D4D0F00CD2D03 /* Products */;
			projectDirPath = "";
			projectRoot = "";
			targets = (
				D61E14391F3D4D0F00CD2D03 /* BaseProject */,
			);
		};
/* End PBXProject section */

/* Begin PBXResourcesBuildPhase section */
		D61E14381F3D4D0F00CD2D03 /* Resources */ = {
			isa = PBXResourcesBuildPhase;
			buildActionMask = 2147483647;
			files = (
				D61E14481F3D4D0F00CD2D03 /* LaunchScreen.storyboard in Resources */,
				D669428C1F3D59FB002E1699 /* Resource.xcassets in Resources */,
				D61E14451F3D4D0F00CD2D03 /* Assets.xcassets in Resources */,
				D61E14431F3D4D0F00CD2D03 /* Main.storyboard in Resources */,
			);
			runOnlyForDeploymentPostprocessing = 0;
		};
/* End PBXResourcesBuildPhase section */

/* Begin PBXSourcesBuildPhase section */
		D61E14361F3D4D0F00CD2D03 /* Sources */ = {
			isa = PBXSourcesBuildPhase;
			buildActionMask = 2147483647;
			files = (
				D6607B961F4449CC001F88D8 /* TakeStockDetailTableSectionView.swift in Sources */,
				D68E76C01F3FF41D00358AE9 /* BannerView.swift in Sources */,
				D6FBEB431F41D26F00EF9A06 /* PersonalModel.swift in Sources */,
				D61E148C1F3D582700CD2D03 /* MainNavigationController.swift in Sources */,
				D61E147C1F3D56DA00CD2D03 /* ConstString.swift in Sources */,
				D6FFC6DC1F3DF17C00F912B6 /* LoginInputView.swift in Sources */,
				D6C47E021F42CF02005817E9 /* HadTakedStockViewController.swift in Sources */,
				D6FFC6DF1F3DFB6F00F912B6 /* KeyboardAvoiding.swift in Sources */,
				D61E147B1F3D56DA00CD2D03 /* RequestPath.swift in Sources */,
				D63632B81F3ED8E300BC1478 /* BannerModel.swift in Sources */,
				D63632C81F3EEA0A00BC1478 /* ScanQRCodeController.swift in Sources */,
				D61E148A1F3D57EF00CD2D03 /* MainTabBarController.swift in Sources */,
				D6607B941F4443A4001F88D8 /* TakeStockDetailHeaderView.swift in Sources */,
				D6D667BB1F412CB5005E229B /* HomeTableViewCell.swift in Sources */,
				D61E147D1F3D56DA00CD2D03 /* CommonTool.swift in Sources */,
				D61E147A1F3D56DA00CD2D03 /* RequestManager.swift in Sources */,
				D61E14401F3D4D0F00CD2D03 /* ViewController.swift in Sources */,
				D669428E1F3D5A23002E1699 /* HomeViewController.swift in Sources */,
				D6FFC6E11F3DFB7B00F912B6 /* KeyboardDismissingView.swift in Sources */,
				D6FBEB4D1F41E9CD00EF9A06 /* TakeStockViewController.swift in Sources */,
				D6C47E041F42CF1E005817E9 /* NewTakeStockViewController.swift in Sources */,
				D6C337EC1F3DA6E3008210B4 /* LoginView.swift in Sources */,
				D6FBEB411F4159AA00EF9A06 /* PersonHeaderView.swift in Sources */,
				D61E14781F3D56DA00CD2D03 /* GlobalColor.swift in Sources */,
				D6C47E061F42D793005817E9 /* TakeStockTableViewCell.swift in Sources */,
				D61E143E1F3D4D0F00CD2D03 /* AppDelegate.swift in Sources */,
				D657BCF31F3D881700F49FFC /* PersonalViewController.swift in Sources */,
				D6607B921F4442C3001F88D8 /* TakeStockDetailViewController.swift in Sources */,
				D6C337EA1F3DA6A7008210B4 /* LoginViewController.swift in Sources */,
				D61E14791F3D56DA00CD2D03 /* ExtensionFile.swift in Sources */,
			);
			runOnlyForDeploymentPostprocessing = 0;
		};
/* End PBXSourcesBuildPhase section */

/* Begin PBXVariantGroup section */
		D61E14411F3D4D0F00CD2D03 /* Main.storyboard */ = {
			isa = PBXVariantGroup;
			children = (
				D61E14421F3D4D0F00CD2D03 /* Base */,
			);
			name = Main.storyboard;
			sourceTree = "<group>";
		};
		D61E14461F3D4D0F00CD2D03 /* LaunchScreen.storyboard */ = {
			isa = PBXVariantGroup;
			children = (
				D61E14471F3D4D0F00CD2D03 /* Base */,
			);
			name = LaunchScreen.storyboard;
			sourceTree = "<group>";
		};
/* End PBXVariantGroup section */

/* Begin XCBuildConfiguration section */
		D61E144A1F3D4D0F00CD2D03 /* Debug */ = {
			isa = XCBuildConfiguration;
			buildSettings = {
				ALWAYS_SEARCH_USER_PATHS = NO;
				CLANG_ANALYZER_NONNULL = YES;
				CLANG_ANALYZER_NUMBER_OBJECT_CONVERSION = YES_AGGRESSIVE;
				CLANG_CXX_LANGUAGE_STANDARD = "gnu++14";
				CLANG_CXX_LIBRARY = "libc++";
				CLANG_ENABLE_MODULES = YES;
				CLANG_ENABLE_OBJC_ARC = YES;
				CLANG_WARN_BLOCK_CAPTURE_AUTORELEASING = YES;
				CLANG_WARN_BOOL_CONVERSION = YES;
				CLANG_WARN_COMMA = YES;
				CLANG_WARN_CONSTANT_CONVERSION = YES;
				CLANG_WARN_DIRECT_OBJC_ISA_USAGE = YES_ERROR;
				CLANG_WARN_DOCUMENTATION_COMMENTS = YES;
				CLANG_WARN_EMPTY_BODY = YES;
				CLANG_WARN_ENUM_CONVERSION = YES;
				CLANG_WARN_INFINITE_RECURSION = YES;
				CLANG_WARN_INT_CONVERSION = YES;
				CLANG_WARN_NON_LITERAL_NULL_CONVERSION = YES;
				CLANG_WARN_OBJC_LITERAL_CONVERSION = YES;
				CLANG_WARN_OBJC_ROOT_CLASS = YES_ERROR;
				CLANG_WARN_RANGE_LOOP_ANALYSIS = YES;
				CLANG_WARN_STRICT_PROTOTYPES = YES;
				CLANG_WARN_SUSPICIOUS_MOVE = YES;
				CLANG_WARN_UNGUARDED_AVAILABILITY = YES_AGGRESSIVE;
				CLANG_WARN_UNREACHABLE_CODE = YES;
				CLANG_WARN__DUPLICATE_METHOD_MATCH = YES;
				CODE_SIGN_IDENTITY = "iPhone Developer";
				COPY_PHASE_STRIP = NO;
				DEBUG_INFORMATION_FORMAT = dwarf;
				ENABLE_STRICT_OBJC_MSGSEND = YES;
				ENABLE_TESTABILITY = YES;
				GCC_C_LANGUAGE_STANDARD = gnu11;
				GCC_DYNAMIC_NO_PIC = NO;
				GCC_NO_COMMON_BLOCKS = YES;
				GCC_OPTIMIZATION_LEVEL = 0;
				GCC_PREPROCESSOR_DEFINITIONS = (
					"DEBUG=1",
					"$(inherited)",
				);
				GCC_WARN_64_TO_32_BIT_CONVERSION = YES;
				GCC_WARN_ABOUT_RETURN_TYPE = YES_ERROR;
				GCC_WARN_UNDECLARED_SELECTOR = YES;
				GCC_WARN_UNINITIALIZED_AUTOS = YES_AGGRESSIVE;
				GCC_WARN_UNUSED_FUNCTION = YES;
				GCC_WARN_UNUSED_VARIABLE = YES;
				IPHONEOS_DEPLOYMENT_TARGET = 11.0;
				MTL_ENABLE_DEBUG_INFO = YES;
				ONLY_ACTIVE_ARCH = YES;
				SDKROOT = iphoneos;
				SWIFT_ACTIVE_COMPILATION_CONDITIONS = DEBUG;
				SWIFT_OPTIMIZATION_LEVEL = "-Onone";
			};
			name = Debug;
		};
		D61E144B1F3D4D0F00CD2D03 /* Release */ = {
			isa = XCBuildConfiguration;
			buildSettings = {
				ALWAYS_SEARCH_USER_PATHS = NO;
				CLANG_ANALYZER_NONNULL = YES;
				CLANG_ANALYZER_NUMBER_OBJECT_CONVERSION = YES_AGGRESSIVE;
				CLANG_CXX_LANGUAGE_STANDARD = "gnu++14";
				CLANG_CXX_LIBRARY = "libc++";
				CLANG_ENABLE_MODULES = YES;
				CLANG_ENABLE_OBJC_ARC = YES;
				CLANG_WARN_BLOCK_CAPTURE_AUTORELEASING = YES;
				CLANG_WARN_BOOL_CONVERSION = YES;
				CLANG_WARN_COMMA = YES;
				CLANG_WARN_CONSTANT_CONVERSION = YES;
				CLANG_WARN_DIRECT_OBJC_ISA_USAGE = YES_ERROR;
				CLANG_WARN_DOCUMENTATION_COMMENTS = YES;
				CLANG_WARN_EMPTY_BODY = YES;
				CLANG_WARN_ENUM_CONVERSION = YES;
				CLANG_WARN_INFINITE_RECURSION = YES;
				CLANG_WARN_INT_CONVERSION = YES;
				CLANG_WARN_NON_LITERAL_NULL_CONVERSION = YES;
				CLANG_WARN_OBJC_LITERAL_CONVERSION = YES;
				CLANG_WARN_OBJC_ROOT_CLASS = YES_ERROR;
				CLANG_WARN_RANGE_LOOP_ANALYSIS = YES;
				CLANG_WARN_STRICT_PROTOTYPES = YES;
				CLANG_WARN_SUSPICIOUS_MOVE = YES;
				CLANG_WARN_UNGUARDED_AVAILABILITY = YES_AGGRESSIVE;
				CLANG_WARN_UNREACHABLE_CODE = YES;
				CLANG_WARN__DUPLICATE_METHOD_MATCH = YES;
				CODE_SIGN_IDENTITY = "iPhone Developer";
				COPY_PHASE_STRIP = NO;
				DEBUG_INFORMATION_FORMAT = "dwarf-with-dsym";
				ENABLE_NS_ASSERTIONS = NO;
				ENABLE_STRICT_OBJC_MSGSEND = YES;
				GCC_C_LANGUAGE_STANDARD = gnu11;
				GCC_NO_COMMON_BLOCKS = YES;
				GCC_WARN_64_TO_32_BIT_CONVERSION = YES;
				GCC_WARN_ABOUT_RETURN_TYPE = YES_ERROR;
				GCC_WARN_UNDECLARED_SELECTOR = YES;
				GCC_WARN_UNINITIALIZED_AUTOS = YES_AGGRESSIVE;
				GCC_WARN_UNUSED_FUNCTION = YES;
				GCC_WARN_UNUSED_VARIABLE = YES;
				IPHONEOS_DEPLOYMENT_TARGET = 11.0;
				MTL_ENABLE_DEBUG_INFO = NO;
				SDKROOT = iphoneos;
				SWIFT_OPTIMIZATION_LEVEL = "-Owholemodule";
				VALIDATE_PRODUCT = YES;
			};
			name = Release;
		};
		D61E144D1F3D4D0F00CD2D03 /* Debug */ = {
			isa = XCBuildConfiguration;
			buildSettings = {
				ASSETCATALOG_COMPILER_APPICON_NAME = AppIcon;
				DEVELOPMENT_TEAM = Y8MK4UJH8L;
				FRAMEWORK_SEARCH_PATHS = (
					"$(inherited)",
					"$(PROJECT_DIR)/Carthage/Build/iOS",
				);
				INFOPLIST_FILE = BaseProject/Info.plist;
				IPHONEOS_DEPLOYMENT_TARGET = 9.0;
				LD_RUNPATH_SEARCH_PATHS = "$(inherited) @executable_path/Frameworks";
				PRODUCT_BUNDLE_IDENTIFIER = com.ceeyang.BaseProject;
				PRODUCT_NAME = "$(TARGET_NAME)";
				SWIFT_VERSION = 4.0;
				TARGETED_DEVICE_FAMILY = 1;
			};
			name = Debug;
		};
		D61E144E1F3D4D0F00CD2D03 /* Release */ = {
			isa = XCBuildConfiguration;
			buildSettings = {
				ASSETCATALOG_COMPILER_APPICON_NAME = AppIcon;
				DEVELOPMENT_TEAM = Y8MK4UJH8L;
				FRAMEWORK_SEARCH_PATHS = (
					"$(inherited)",
					"$(PROJECT_DIR)/Carthage/Build/iOS",
				);
				INFOPLIST_FILE = BaseProject/Info.plist;
				IPHONEOS_DEPLOYMENT_TARGET = 9.0;
				LD_RUNPATH_SEARCH_PATHS = "$(inherited) @executable_path/Frameworks";
				PRODUCT_BUNDLE_IDENTIFIER = com.ceeyang.BaseProject;
				PRODUCT_NAME = "$(TARGET_NAME)";
				SWIFT_VERSION = 4.0;
				TARGETED_DEVICE_FAMILY = 1;
			};
			name = Release;
		};
/* End XCBuildConfiguration section */

/* Begin XCConfigurationList section */
		D61E14351F3D4D0F00CD2D03 /* Build configuration list for PBXProject "BaseProject" */ = {
			isa = XCConfigurationList;
			buildConfigurations = (
				D61E144A1F3D4D0F00CD2D03 /* Debug */,
				D61E144B1F3D4D0F00CD2D03 /* Release */,
			);
			defaultConfigurationIsVisible = 0;
			defaultConfigurationName = Release;
		};
		D61E144C1F3D4D0F00CD2D03 /* Build configuration list for PBXNativeTarget "BaseProject" */ = {
			isa = XCConfigurationList;
			buildConfigurations = (
				D61E144D1F3D4D0F00CD2D03 /* Debug */,
				D61E144E1F3D4D0F00CD2D03 /* Release */,
			);
			defaultConfigurationIsVisible = 0;
			defaultConfigurationName = Release;
		};
/* End XCConfigurationList section */
	};
	rootObject = D61E14321F3D4D0F00CD2D03 /* Project object */;
}
